
Microsoft Visual Studio Solution File, Format Version 12.00
# Visual Studio Version 16
VisualStudioVersion = 16.0.31911.196
MinimumVisualStudioVersion = 10.0.40219.1
Project("{FAE04EC0-301F-11D3-BF4B-00C04F79EFBC}") = "WebNotes", "WebNotes\WebNotes.csproj", "{3BA8571E-3964-49D6-B315-51ECE3725852}"
EndProject
Project("{E53339B2-1760-4266-BCC7-CA923CBCF16C}") = "docker-compose", "docker-compose.dcproj", "{28725B8F-062E-47A2-A054-442457920895}"
EndProject
Global
	GlobalSection(SolutionConfigurationPlatforms) = preSolution
		Debug|Any CPU = Debug|Any CPU
		Release|Any CPU = Release|Any CPU
	EndGlobalSection
	GlobalSection(ProjectConfigurationPlatforms) = postSolution
		{3BA8571E-3964-49D6-B315-51ECE3725852}.Debug|Any CPU.ActiveCfg = Debug|Any CPU
		{3BA8571E-3964-49D6-B315-51ECE3725852}.Debug|Any CPU.Build.0 = Debug|Any CPU
		{3BA8571E-3964-49D6-B315-51ECE3725852}.Release|Any CPU.ActiveCfg = Release|Any CPU
		{3BA8571E-3964-49D6-B315-51ECE3725852}.Release|Any CPU.Build.0 = Release|Any CPU
		{28725B8F-062E-47A2-A054-442457920895}.Debug|Any CPU.ActiveCfg = Debug|Any CPU
		{28725B8F-062E-47A2-A054-442457920895}.Debug|Any CPU.Build.0 = Debug|Any CPU
		{28725B8F-062E-47A2-A054-442457920895}.Release|Any CPU.ActiveCfg = Release|Any CPU
		{28725B8F-062E-47A2-A054-442457920895}.Release|Any CPU.Build.0 = Release|Any CPU
	EndGlobalSection
	GlobalSection(SolutionProperties) = preSolution
		HideSolutionNode = FALSE
	EndGlobalSection
	GlobalSection(ExtensibilityGlobals) = postSolution
		SolutionGuid = {2CC77262-9E49-4FB7-A532-790B98BCE9D0}
	EndGlobalSection
EndGlobal
